
Microsoft Visual Studio Solution File, Format Version 12.00
# Visual Studio Version 16
VisualStudioVersion = 16.0.29905.134
MinimumVisualStudioVersion = 10.0.40219.1
Project("{FAE04EC0-301F-11D3-BF4B-00C04F79EFBC}") = "自动化库存管理", "自动化库存管理\自动化库存管理.csproj", "{BF634F34-60B0-436A-A021-35EE3DB2F17F}"
EndProject
Project("{FAE04EC0-301F-11D3-BF4B-00C04F79EFBC}") = "ConsoleApp1", "ConsoleApp1\ConsoleApp1.csproj", "{70CEAB3E-298B-4854-9697-8AFCB4D83450}"
EndProject
Project("{FAE04EC0-301F-11D3-BF4B-00C04F79EFBC}") = "WindowsFormsApp1", "WindowsFormsApp1\WindowsFormsApp1.csproj", "{D1136EFB-3E8C-4F96-AC56-7A3C73235F38}"
EndProject
Project("{FAE04EC0-301F-11D3-BF4B-00C04F79EFBC}") = "服务器端程序", "服务器端程序\服务器端程序.csproj", "{AE7D006E-4E85-40F2-8FAB-185653C0EE19}"
EndProject
Project("{FAE04EC0-301F-11D3-BF4B-00C04F79EFBC}") = "SocketClient", "SocketClient\SocketClient.csproj", "{F47F30E1-B505-4744-AB82-1D067ECD1051}"
EndProject
Project("{FAE04EC0-301F-11D3-BF4B-00C04F79EFBC}") = "SocketServer", "SocketServer\SocketServer.csproj", "{AE7E86E5-F55C-4995-AD12-48437B43CE1A}"
EndProject
Global
	GlobalSection(SolutionConfigurationPlatforms) = preSolution
		Debug|Any CPU = Debug|Any CPU
		Release|Any CPU = Release|Any CPU
	EndGlobalSection
	GlobalSection(ProjectConfigurationPlatforms) = postSolution
		{BF634F34-60B0-436A-A021-35EE3DB2F17F}.Debug|Any CPU.ActiveCfg = Debug|Any CPU
		{BF634F34-60B0-436A-A021-35EE3DB2F17F}.Debug|Any CPU.Build.0 = Debug|Any CPU
		{BF634F34-60B0-436A-A021-35EE3DB2F17F}.Release|Any CPU.ActiveCfg = Release|Any CPU
		{BF634F34-60B0-436A-A021-35EE3DB2F17F}.Release|Any CPU.Build.0 = Release|Any CPU
		{70CEAB3E-298B-4854-9697-8AFCB4D83450}.Debug|Any CPU.ActiveCfg = Debug|Any CPU
		{70CEAB3E-298B-4854-9697-8AFCB4D83450}.Debug|Any CPU.Build.0 = Debug|Any CPU
		{70CEAB3E-298B-4854-9697-8AFCB4D83450}.Release|Any CPU.ActiveCfg = Release|Any CPU
		{70CEAB3E-298B-4854-9697-8AFCB4D83450}.Release|Any CPU.Build.0 = Release|Any CPU
		{D1136EFB-3E8C-4F96-AC56-7A3C73235F38}.Debug|Any CPU.ActiveCfg = Debug|Any CPU
		{D1136EFB-3E8C-4F96-AC56-7A3C73235F38}.Debug|Any CPU.Build.0 = Debug|Any CPU
		{D1136EFB-3E8C-4F96-AC56-7A3C73235F38}.Release|Any CPU.ActiveCfg = Release|Any CPU
		{D1136EFB-3E8C-4F96-AC56-7A3C73235F38}.Release|Any CPU.Build.0 = Release|Any CPU
		{AE7D006E-4E85-40F2-8FAB-185653C0EE19}.Debug|Any CPU.ActiveCfg = Debug|Any CPU
		{AE7D006E-4E85-40F2-8FAB-185653C0EE19}.Debug|Any CPU.Build.0 = Debug|Any CPU
		{AE7D006E-4E85-40F2-8FAB-185653C0EE19}.Release|Any CPU.ActiveCfg = Release|Any CPU
		{AE7D006E-4E85-40F2-8FAB-185653C0EE19}.Release|Any CPU.Build.0 = Release|Any CPU
		{F47F30E1-B505-4744-AB82-1D067ECD1051}.Debug|Any CPU.ActiveCfg = Debug|Any CPU
		{F47F30E1-B505-4744-AB82-1D067ECD1051}.Debug|Any CPU.Build.0 = Debug|Any CPU
		{F47F30E1-B505-4744-AB82-1D067ECD1051}.Release|Any CPU.ActiveCfg = Release|Any CPU
		{F47F30E1-B505-4744-AB82-1D067ECD1051}.Release|Any CPU.Build.0 = Release|Any CPU
		{AE7E86E5-F55C-4995-AD12-48437B43CE1A}.Debug|Any CPU.ActiveCfg = Debug|Any CPU
		{AE7E86E5-F55C-4995-AD12-48437B43CE1A}.Debug|Any CPU.Build.0 = Debug|Any CPU
		{AE7E86E5-F55C-4995-AD12-48437B43CE1A}.Release|Any CPU.ActiveCfg = Release|Any CPU
		{AE7E86E5-F55C-4995-AD12-48437B43CE1A}.Release|Any CPU.Build.0 = Release|Any CPU
	EndGlobalSection
	GlobalSection(SolutionProperties) = preSolution
		HideSolutionNode = FALSE
	EndGlobalSection
	GlobalSection(ExtensibilityGlobals) = postSolution
		SolutionGuid = {388EA7E6-C926-4494-9BB0-37C58C4FF6BC}
	EndGlobalSection
EndGlobal
